PODS:
  - Alamofire (4.4.0)
  - YouTubePlayer (0.3.0)

DEPENDENCIES:
  - Alamofire (= 4.4.0)
  - YouTubePlayer (= 0.3.0)

SPEC CHECKSUMS:
  Alamofire: dc44b1600b800eb63da6a19039a0083d62a6a62d
  YouTubePlayer: 88713a96c356f2c88da8925eb61438eda88bcd57

PODFILE CHECKSUM: 3ab1eb1794a834d5d0ceb97703001e08d96d1114

COCOAPODS: 1.2.0
